// !$*UTF8*$!
{
	archiveVersion = 1;
	classes = {
	};
	objectVersion = 46;
	objects = {

/* Begin PBXBuildFile section */
		29310B29F7E0072304B90D35 /* Pods_Copycat_of_xCurrency.framework in Frameworks */ = {isa = PBXBuildFile; fileRef = D6AFA7B6EABB7B5959C74DC4 /* Pods_Copycat_of_xCurrency.framework */; };
		D956B9A01E5947600069AC67 /* CXCMainNavigationController.swift in Sources */ = {isa = PBXBuildFile; fileRef = D956B99F1E59475E0069AC67 /* CXCMainNavigationController.swift */; };
		D99A169C1E4C8E99001AD0F4 /* AppDelegate.swift in Sources */ = {isa = PBXBuildFile; fileRef = D99A169B1E4C8E99001AD0F4 /* AppDelegate.swift */; };
		D99A169E1E4C8E99001AD0F4 /* CXCMainViewController.swift in Sources */ = {isa = PBXBuildFile; fileRef = D99A169D1E4C8E99001AD0F4 /* CXCMainViewController.swift */; };
		D99A16A31E4C8E9A001AD0F4 /* Assets.xcassets in Resources */ = {isa = PBXBuildFile; fileRef = D99A16A21E4C8E9A001AD0F4 /* Assets.xcassets */; };
		D99A16A61E4C8E9A001AD0F4 /* LaunchScreen.storyboard in Resources */ = {isa = PBXBuildFile; fileRef = D99A16A41E4C8E9A001AD0F4 /* LaunchScreen.storyboard */; };
		D99A16B11E4C8E9C001AD0F4 /* Copycat_of_xCurrencyTests.swift in Sources */ = {isa = PBXBuildFile; fileRef = D99A16B01E4C8E9C001AD0F4 /* Copycat_of_xCurrencyTests.swift */; };
		D99A16BC1E4C8E9C001AD0F4 /* Copycat_of_xCurrencyUITests.swift in Sources */ = {isa = PBXBuildFile; fileRef = D99A16BB1E4C8E9C001AD0F4 /* Copycat_of_xCurrencyUITests.swift */; };
		D99A16CA1E4C913E001AD0F4 /* CXCKeyboardView.swift in Sources */ = {isa = PBXBuildFile; fileRef = D99A16C91E4C913E001AD0F4 /* CXCKeyboardView.swift */; };
		D9F6CE8D1E4D649E002E7424 /* CXCMainTableViewController.swift in Sources */ = {isa = PBXBuildFile; fileRef = D9F6CE8C1E4D649D002E7424 /* CXCMainTableViewController.swift */; };
		D9F6CE8F1E4D64CE002E7424 /* CXCMainTableViewCell.swift in Sources */ = {isa = PBXBuildFile; fileRef = D9F6CE8E1E4D64CE002E7424 /* CXCMainTableViewCell.swift */; };
		D9F6CE911E4D89CC002E7424 /* CXCCurrencyModel.swift in Sources */ = {isa = PBXBuildFile; fileRef = D9F6CE901E4D89CC002E7424 /* CXCCurrencyModel.swift */; };
/* End PBXBuildFile section */

/* Begin PBXContainerItemProxy section */
		D99A16AD1E4C8E9C001AD0F4 /* PBXContainerItemProxy */ = {
			isa = PBXContainerItemProxy;
			containerPortal = D99A16901E4C8E94001AD0F4 /* Project object */;
			proxyType = 1;
			remoteGlobalIDString = D99A16971E4C8E96001AD0F4;
			remoteInfo = "Copycat of xCurrency";
		};
		D99A16B81E4C8E9C001AD0F4 /* PBXContainerItemProxy */ = {
			isa = PBXContainerItemProxy;
			containerPortal = D99A16901E4C8E94001AD0F4 /* Project object */;
			proxyType = 1;
			remoteGlobalIDString = D99A16971E4C8E96001AD0F4;
			remoteInfo = "Copycat of xCurrency";
		};
/* End PBXContainerItemProxy section */

/* Begin PBXFileReference section */
		41A4BBE7F8CD27402BB031D7 /* Pods-Copycat of xCurrency.debug.xcconfig */ = {isa = PBXFileReference; includeInIndex = 1; lastKnownFileType = text.xcconfig; name = "Pods-Copycat of xCurrency.debug.xcconfig"; path = "Pods/Target Support Files/Pods-Copycat of xCurrency/Pods-Copycat of xCurrency.debug.xcconfig"; sourceTree = "<group>"; };
		A1E5CFDAA6949B71708FB653 /* Pods-Copycat of xCurrency.release.xcconfig */ = {isa = PBXFileReference; includeInIndex = 1; lastKnownFileType = text.xcconfig; name = "Pods-Copycat of xCurrency.release.xcconfig"; path = "Pods/Target Support Files/Pods-Copycat of xCurrency/Pods-Copycat of xCurrency.release.xcconfig"; sourceTree = "<group>"; };
		D6AFA7B6EABB7B5959C74DC4 /* Pods_Copycat_of_xCurrency.framework */ = {isa = PBXFileReference; explicitFileType = wrapper.framework; includeInIndex = 0; path = Pods_Copycat_of_xCurrency.framework; sourceTree = BUILT_PRODUCTS_DIR; };
		D956B99F1E59475E0069AC67 /* CXCMainNavigationController.swift */ = {isa = PBXFileReference; fileEncoding = 4; lastKnownFileType = sourcecode.swift; path = CXCMainNavigationController.swift; sourceTree = "<group>"; };
		D99A16981E4C8E99001AD0F4 /* Copycat of xCurrency.app */ = {isa = PBXFileReference; explicitFileType = wrapper.application; includeInIndex = 0; path = "Copycat of xCurrency.app"; sourceTree = BUILT_PRODUCTS_DIR; };
		D99A169B1E4C8E99001AD0F4 /* AppDelegate.swift */ = {isa = PBXFileReference; lastKnownFileType = sourcecode.swift; path = AppDelegate.swift; sourceTree = "<group>"; };
		D99A169D1E4C8E99001AD0F4 /* CXCMainViewController.swift */ = {isa = PBXFileReference; lastKnownFileType = sourcecode.swift; path = CXCMainViewController.swift; sourceTree = "<group>"; };
		D99A16A21E4C8E9A001AD0F4 /* Assets.xcassets */ = {isa = PBXFileReference; lastKnownFileType = folder.assetcatalog; path = Assets.xcassets; sourceTree = "<group>"; };
		D99A16A51E4C8E9A001AD0F4 /* Base */ = {isa = PBXFileReference; lastKnownFileType = file.storyboard; name = Base; path = Base.lproj/LaunchScreen.storyboard; sourceTree = "<group>"; };
		D99A16A71E4C8E9A001AD0F4 /* Info.plist */ = {isa = PBXFileReference; lastKnownFileType = text.plist.xml; path = Info.plist; sourceTree = "<group>"; };
		D99A16AC1E4C8E9C001AD0F4 /* Copycat of xCurrencyTests.xctest */ = {isa = PBXFileReference; explicitFileType = wrapper.cfbundle; includeInIndex = 0; path = "Copycat of xCurrencyTests.xctest"; sourceTree = BUILT_PRODUCTS_DIR; };
		D99A16B01E4C8E9C001AD0F4 /* Copycat_of_xCurrencyTests.swift */ = {isa = PBXFileReference; lastKnownFileType = sourcecode.swift; path = Copycat_of_xCurrencyTests.swift; sourceTree = "<group>"; };
		D99A16B21E4C8E9C001AD0F4 /* Info.plist */ = {isa = PBXFileReference; lastKnownFileType = text.plist.xml; path = Info.plist; sourceTree = "<group>"; };
		D99A16B71E4C8E9C001AD0F4 /* Copycat of xCurrencyUITests.xctest */ = {isa = PBXFileReference; explicitFileType = wrapper.cfbundle; includeInIndex = 0; path = "Copycat of xCurrencyUITests.xctest"; sourceTree = BUILT_PRODUCTS_DIR; };
		D99A16BB1E4C8E9C001AD0F4 /* Copycat_of_xCurrencyUITests.swift */ = {isa = PBXFileReference; lastKnownFileType = sourcecode.swift; path = Copycat_of_xCurrencyUITests.swift; sourceTree = "<group>"; };
		D99A16BD1E4C8E9C001AD0F4 /* Info.plist */ = {isa = PBXFileReference; lastKnownFileType = text.plist.xml; path = Info.plist; sourceTree = "<group>"; };
		D99A16C91E4C913E001AD0F4 /* CXCKeyboardView.swift */ = {isa = PBXFileReference; fileEncoding = 4; lastKnownFileType = sourcecode.swift; path = CXCKeyboardView.swift; sourceTree = "<group>"; };
		D9F6CE8C1E4D649D002E7424 /* CXCMainTableViewController.swift */ = {isa = PBXFileReference; fileEncoding = 4; lastKnownFileType = sourcecode.swift; path = CXCMainTableViewController.swift; sourceTree = "<group>"; };
		D9F6CE8E1E4D64CE002E7424 /* CXCMainTableViewCell.swift */ = {isa = PBXFileReference; fileEncoding = 4; lastKnownFileType = sourcecode.swift; path = CXCMainTableViewCell.swift; sourceTree = "<group>"; };
		D9F6CE901E4D89CC002E7424 /* CXCCurrencyModel.swift */ = {isa = PBXFileReference; fileEncoding = 4; lastKnownFileType = sourcecode.swift; path = CXCCurrencyModel.swift; sourceTree = "<group>"; };
/* End PBXFileReference section */

/* Begin PBXFrameworksBuildPhase section */
		D99A16951E4C8E96001AD0F4 /* Frameworks */ = {
			isa = PBXFrameworksBuildPhase;
			buildActionMask = 2147483647;
			files = (
				29310B29F7E0072304B90D35 /* Pods_Copycat_of_xCurrency.framework in Frameworks */,
			);
			runOnlyForDeploymentPostprocessing = 0;
		};
		D99A16A91E4C8E9C001AD0F4 /* Frameworks */ = {
			isa = PBXFrameworksBuildPhase;
			buildActionMask = 2147483647;
			files = (
			);
			runOnlyForDeploymentPostprocessing = 0;
		};
		D99A16B41E4C8E9C001AD0F4 /* Frameworks */ = {
			isa = PBXFrameworksBuildPhase;
			buildActionMask = 2147483647;
			files = (
			);
			runOnlyForDeploymentPostprocessing = 0;
		};
/* End PBXFrameworksBuildPhase section */

/* Begin PBXGroup section */
		02E40FAC35E7488A99B7A09C /* Frameworks */ = {
			isa = PBXGroup;
			children = (
				D6AFA7B6EABB7B5959C74DC4 /* Pods_Copycat_of_xCurrency.framework */,
			);
			name = Frameworks;
			sourceTree = "<group>";
		};
		602EBECD8967F4796D4E1C92 /* Pods */ = {
			isa = PBXGroup;
			children = (
				41A4BBE7F8CD27402BB031D7 /* Pods-Copycat of xCurrency.debug.xcconfig */,
				A1E5CFDAA6949B71708FB653 /* Pods-Copycat of xCurrency.release.xcconfig */,
			);
			name = Pods;
			sourceTree = "<group>";
		};
		D99A168F1E4C8E94001AD0F4 = {
			isa = PBXGroup;
			children = (
				D99A169A1E4C8E99001AD0F4 /* Copycat of xCurrency */,
				D99A16AF1E4C8E9C001AD0F4 /* Copycat of xCurrencyTests */,
				D99A16BA1E4C8E9C001AD0F4 /* Copycat of xCurrencyUITests */,
				D99A16991E4C8E99001AD0F4 /* Products */,
				602EBECD8967F4796D4E1C92 /* Pods */,
				02E40FAC35E7488A99B7A09C /* Frameworks */,
			);
			sourceTree = "<group>";
		};
		D99A16991E4C8E99001AD0F4 /* Products */ = {
			isa = PBXGroup;
			children = (
				D99A16981E4C8E99001AD0F4 /* Copycat of xCurrency.app */,
				D99A16AC1E4C8E9C001AD0F4 /* Copycat of xCurrencyTests.xctest */,
				D99A16B71E4C8E9C001AD0F4 /* Copycat of xCurrencyUITests.xctest */,
			);
			name = Products;
			sourceTree = "<group>";
		};
		D99A169A1E4C8E99001AD0F4 /* Copycat of xCurrency */ = {
			isa = PBXGroup;
			children = (
				D99A169B1E4C8E99001AD0F4 /* AppDelegate.swift */,
				D956B99F1E59475E0069AC67 /* CXCMainNavigationController.swift */,
				D99A169D1E4C8E99001AD0F4 /* CXCMainViewController.swift */,
				D99A16C91E4C913E001AD0F4 /* CXCKeyboardView.swift */,
				D9F6CE8C1E4D649D002E7424 /* CXCMainTableViewController.swift */,
				D9F6CE8E1E4D64CE002E7424 /* CXCMainTableViewCell.swift */,
				D9F6CE901E4D89CC002E7424 /* CXCCurrencyModel.swift */,
				D99A16A21E4C8E9A001AD0F4 /* Assets.xcassets */,
				D99A16A41E4C8E9A001AD0F4 /* LaunchScreen.storyboard */,
				D99A16A71E4C8E9A001AD0F4 /* Info.plist */,
			);
			path = "Copycat of xCurrency";
			sourceTree = "<group>";
		};
		D99A16AF1E4C8E9C001AD0F4 /* Copycat of xCurrencyTests */ = {
			isa = PBXGroup;
			children = (
				D99A16B01E4C8E9C001AD0F4 /* Copycat_of_xCurrencyTests.swift */,
				D99A16B21E4C8E9C001AD0F4 /* Info.plist */,
			);
			path = "Copycat of xCurrencyTests";
			sourceTree = "<group>";
		};
		D99A16BA1E4C8E9C001AD0F4 /* Copycat of xCurrencyUITests */ = {
			isa = PBXGroup;
			children = (
				D99A16BB1E4C8E9C001AD0F4 /* Copycat_of_xCurrencyUITests.swift */,
				D99A16BD1E4C8E9C001AD0F4 /* Info.plist */,
			);
			path = "Copycat of xCurrencyUITests";
			sourceTree = "<group>";
		};
/* End PBXGroup section */

/* Begin PBXNativeTarget section */
		D99A16971E4C8E96001AD0F4 /* Copycat of xCurrency */ = {
			isa = PBXNativeTarget;
			buildConfigurationList = D99A16C01E4C8E9D001AD0F4 /* Build configuration list for PBXNativeTarget "Copycat of xCurrency" */;
			buildPhases = (
				5C3848D60272E0A107006537 /* [CP] Check Pods Manifest.lock */,
				D99A16941E4C8E96001AD0F4 /* Sources */,
				D99A16951E4C8E96001AD0F4 /* Frameworks */,
				D99A16961E4C8E96001AD0F4 /* Resources */,
				390C1D9A725E199C162D421F /* [CP] Embed Pods Frameworks */,
				50C83910963FEB3C3204127B /* [CP] Copy Pods Resources */,
			);
			buildRules = (
			);
			dependencies = (
			);
			name = "Copycat of xCurrency";
			productName = "Copycat of xCurrency";
			productReference = D99A16981E4C8E99001AD0F4 /* Copycat of xCurrency.app */;
			productType = "com.apple.product-type.application";
		};
		D99A16AB1E4C8E9C001AD0F4 /* Copycat of xCurrencyTests */ = {
			isa = PBXNativeTarget;
			buildConfigurationList = D99A16C31E4C8E9D001AD0F4 /* Build configuration list for PBXNativeTarget "Copycat of xCurrencyTests" */;
			buildPhases = (
				D99A16A81E4C8E9C001AD0F4 /* Sources */,
				D99A16A91E4C8E9C001AD0F4 /* Frameworks */,
				D99A16AA1E4C8E9C001AD0F4 /* Resources */,
			);
			buildRules = (
			);
			dependencies = (
				D99A16AE1E4C8E9C001AD0F4 /* PBXTargetDependency */,
			);
			name = "Copycat of xCurrencyTests";
			productName = "Copycat of xCurrencyTests";
			productReference = D99A16AC1E4C8E9C001AD0F4 /* Copycat of xCurrencyTests.xctest */;
			productType = "com.apple.product-type.bundle.unit-test";
		};
		D99A16B61E4C8E9C001AD0F4 /* Copycat of xCurrencyUITests */ = {
			isa = PBXNativeTarget;
			buildConfigurationList = D99A16C61E4C8E9D001AD0F4 /* Build configuration list for PBXNativeTarget "Copycat of xCurrencyUITests" */;
			buildPhases = (
				D99A16B31E4C8E9C001AD0F4 /* Sources */,
				D99A16B41E4C8E9C001AD0F4 /* Frameworks */,
				D99A16B51E4C8E9C001AD0F4 /* Resources */,
			);
			buildRules = (
			);
			dependencies = (
				D99A16B91E4C8E9C001AD0F4 /* PBXTargetDependency */,
			);
			name = "Copycat of xCurrencyUITests";
			productName = "Copycat of xCurrencyUITests";
			productReference = D99A16B71E4C8E9C001AD0F4 /* Copycat of xCurrencyUITests.xctest */;
			productType = "com.apple.product-type.bundle.ui-testing";
		};
/* End PBXNativeTarget section */

/* Begin PBXProject section */
		D99A16901E4C8E94001AD0F4 /* Project object */ = {
			isa = PBXProject;
			attributes = {
				LastSwiftUpdateCheck = 0820;
				LastUpgradeCheck = 0820;
				ORGANIZATIONNAME = "里脊";
				TargetAttributes = {
					D99A16971E4C8E96001AD0F4 = {
						CreatedOnToolsVersion = 8.2;
						DevelopmentTeam = 3W9HSTAQPK;
						ProvisioningStyle = Automatic;
					};
					D99A16AB1E4C8E9C001AD0F4 = {
						CreatedOnToolsVersion = 8.2;
						ProvisioningStyle = Automatic;
						TestTargetID = D99A16971E4C8E96001AD0F4;
					};
					D99A16B61E4C8E9C001AD0F4 = {
						CreatedOnToolsVersion = 8.2;
						ProvisioningStyle = Automatic;
						TestTargetID = D99A16971E4C8E96001AD0F4;
					};
				};
			};
			buildConfigurationList = D99A16931E4C8E95001AD0F4 /* Build configuration list for PBXProject "Copycat of xCurrency" */;
			compatibilityVersion = "Xcode 3.2";
			developmentRegion = English;
			hasScannedForEncodings = 0;
			knownRegions = (
				en,
				Base,
			);
			mainGroup = D99A168F1E4C8E94001AD0F4;
			productRefGroup = D99A16991E4C8E99001AD0F4 /* Products */;
			projectDirPath = "";
			projectRoot = "";
			targets = (
				D99A16971E4C8E96001AD0F4 /* Copycat of xCurrency */,
				D99A16AB1E4C8E9C001AD0F4 /* Copycat of xCurrencyTests */,
				D99A16B61E4C8E9C001AD0F4 /* Copycat of xCurrencyUITests */,
			);
		};
/* End PBXProject section */

/* Begin PBXResourcesBuildPhase section */
		D99A16961E4C8E96001AD0F4 /* Resources */ = {
			isa = PBXResourcesBuildPhase;
			buildActionMask = 2147483647;
			files = (
				D99A16A61E4C8E9A001AD0F4 /* LaunchScreen.storyboard in Resources */,
				D99A16A31E4C8E9A001AD0F4 /* Assets.xcassets in Resources */,
			);
			runOnlyForDeploymentPostprocessing = 0;
		};
		D99A16AA1E4C8E9C001AD0F4 /* Resources */ = {
			isa = PBXResourcesBuildPhase;
			buildActionMask = 2147483647;
			files = (
			);
			runOnlyForDeploymentPostprocessing = 0;
		};
		D99A16B51E4C8E9C001AD0F4 /* Resources */ = {
			isa = PBXResourcesBuildPhase;
			buildActionMask = 2147483647;
			files = (
			);
			runOnlyForDeploymentPostprocessing = 0;
		};
/* End PBXResourcesBuildPhase section */

/* Begin PBXShellScriptBuildPhase section */
		390C1D9A725E199C162D421F /* [CP] Embed Pods Frameworks */ = {
			isa = PBXShellScriptBuildPhase;
			buildActionMask = 2147483647;
			files = (
			);
			inputPaths = (
			);
			name = "[CP] Embed Pods Frameworks";
			outputPaths = (
			);
			runOnlyForDeploymentPostprocessing = 0;
			shellPath = /bin/sh;
			shellScript = "\"${SRCROOT}/Pods/Target Support Files/Pods-Copycat of xCurrency/Pods-Copycat of xCurrency-frameworks.sh\"\n";
			showEnvVarsInLog = 0;
		};
		50C83910963FEB3C3204127B /* [CP] Copy Pods Resources */ = {
			isa = PBXShellScriptBuildPhase;
			buildActionMask = 2147483647;
			files = (
			);
			inputPaths = (
			);
			name = "[CP] Copy Pods Resources";
			outputPaths = (
			);
			runOnlyForDeploymentPostprocessing = 0;
			shellPath = /bin/sh;
			shellScript = "\"${SRCROOT}/Pods/Target Support Files/Pods-Copycat of xCurrency/Pods-Copycat of xCurrency-resources.sh\"\n";
			showEnvVarsInLog = 0;
		};
		5C3848D60272E0A107006537 /* [CP] Check Pods Manifest.lock */ = {
			isa = PBXShellScriptBuildPhase;
			buildActionMask = 2147483647;
			files = (
			);
			inputPaths = (
			);
			name = "[CP] Check Pods Manifest.lock";
			outputPaths = (
			);
			runOnlyForDeploymentPostprocessing = 0;
			shellPath = /bin/sh;
			shellScript = "diff \"${PODS_ROOT}/../Podfile.lock\" \"${PODS_ROOT}/Manifest.lock\" > /dev/null\nif [ $? != 0 ] ; then\n    # print error to STDERR\n    echo \"error: The sandbox is not in sync with the Podfile.lock. Run 'pod install' or update your CocoaPods installation.\" >&2\n    exit 1\nfi\n";
			showEnvVarsInLog = 0;
		};
/* End PBXShellScriptBuildPhase section */

/* Begin PBXSourcesBuildPhase section */
		D99A16941E4C8E96001AD0F4 /* Sources */ = {
			isa = PBXSourcesBuildPhase;
			buildActionMask = 2147483647;
			files = (
				D956B9A01E5947600069AC67 /* CXCMainNavigationController.swift in Sources */,
				D99A16CA1E4C913E001AD0F4 /* CXCKeyboardView.swift in Sources */,
				D99A169E1E4C8E99001AD0F4 /* CXCMainViewController.swift in Sources */,
				D9F6CE8D1E4D649E002E7424 /* CXCMainTableViewController.swift in Sources */,
				D9F6CE911E4D89CC002E7424 /* CXCCurrencyModel.swift in Sources */,
				D9F6CE8F1E4D64CE002E7424 /* CXCMainTableViewCell.swift in Sources */,
				D99A169C1E4C8E99001AD0F4 /* AppDelegate.swift in Sources */,
			);
			runOnlyForDeploymentPostprocessing = 0;
		};
		D99A16A81E4C8E9C001AD0F4 /* Sources */ = {
			isa = PBXSourcesBuildPhase;
			buildActionMask = 2147483647;
			files = (
				D99A16B11E4C8E9C001AD0F4 /* Copycat_of_xCurrencyTests.swift in Sources */,
			);
			runOnlyForDeploymentPostprocessing = 0;
		};
		D99A16B31E4C8E9C001AD0F4 /* Sources */ = {
			isa = PBXSourcesBuildPhase;
			buildActionMask = 2147483647;
			files = (
				D99A16BC1E4C8E9C001AD0F4 /* Copycat_of_xCurrencyUITests.swift in Sources */,
			);
			runOnlyForDeploymentPostprocessing = 0;
		};
/* End PBXSourcesBuildPhase section */

/* Begin PBXTargetDependency section */
		D99A16AE1E4C8E9C001AD0F4 /* PBXTargetDependency */ = {
			isa = PBXTargetDependency;
			target = D99A16971E4C8E96001AD0F4 /* Copycat of xCurrency */;
			targetProxy = D99A16AD1E4C8E9C001AD0F4 /* PBXContainerItemProxy */;
		};
		D99A16B91E4C8E9C001AD0F4 /* PBXTargetDependency */ = {
			isa = PBXTargetDependency;
			target = D99A16971E4C8E96001AD0F4 /* Copycat of xCurrency */;
			targetProxy = D99A16B81E4C8E9C001AD0F4 /* PBXContainerItemProxy */;
		};
/* End PBXTargetDependency section */

/* Begin PBXVariantGroup section */
		D99A16A41E4C8E9A001AD0F4 /* LaunchScreen.storyboard */ = {
			isa = PBXVariantGroup;
			children = (
				D99A16A51E4C8E9A001AD0F4 /* Base */,
			);
			name = LaunchScreen.storyboard;
			sourceTree = "<group>";
		};
/* End PBXVariantGroup section */

/* Begin XCBuildConfiguration section */
		D99A16BE1E4C8E9C001AD0F4 /* Debug */ = {
			isa = XCBuildConfiguration;
			buildSettings = {
				ALWAYS_SEARCH_USER_PATHS = NO;
				CLANG_ANALYZER_NONNULL = YES;
				CLANG_CXX_LANGUAGE_STANDARD = "gnu++0x";
				CLANG_CXX_LIBRARY = "libc++";
				CLANG_ENABLE_MODULES = YES;
				CLANG_ENABLE_OBJC_ARC = YES;
				CLANG_WARN_BOOL_CONVERSION = YES;
				CLANG_WARN_CONSTANT_CONVERSION = YES;
				CLANG_WARN_DIRECT_OBJC_ISA_USAGE = YES_ERROR;
				CLANG_WARN_DOCUMENTATION_COMMENTS = YES;
				CLANG_WARN_EMPTY_BODY = YES;
				CLANG_WARN_ENUM_CONVERSION = YES;
				CLANG_WARN_INFINITE_RECURSION = YES;
				CLANG_WARN_INT_CONVERSION = YES;
				CLANG_WARN_OBJC_ROOT_CLASS = YES_ERROR;
				CLANG_WARN_SUSPICIOUS_MOVE = YES;
				CLANG_WARN_UNREACHABLE_CODE = YES;
				CLANG_WARN__DUPLICATE_METHOD_MATCH = YES;
				"CODE_SIGN_IDENTITY[sdk=iphoneos*]" = "iPhone Developer";
				COPY_PHASE_STRIP = NO;
				DEBUG_INFORMATION_FORMAT = dwarf;
				ENABLE_STRICT_OBJC_MSGSEND = YES;
				ENABLE_TESTABILITY = YES;
				GCC_C_LANGUAGE_STANDARD = gnu99;
				GCC_DYNAMIC_NO_PIC = NO;
				GCC_NO_COMMON_BLOCKS = YES;
				GCC_OPTIMIZATION_LEVEL = 0;
				GCC_PREPROCESSOR_DEFINITIONS = (
					"DEBUG=1",
					"$(inherited)",
				);
				GCC_WARN_64_TO_32_BIT_CONVERSION = YES;
				GCC_WARN_ABOUT_RETURN_TYPE = YES_ERROR;
				GCC_WARN_UNDECLARED_SELECTOR = YES;
				GCC_WARN_UNINITIALIZED_AUTOS = YES_AGGRESSIVE;
				GCC_WARN_UNUSED_FUNCTION = YES;
				GCC_WARN_UNUSED_VARIABLE = YES;
				IPHONEOS_DEPLOYMENT_TARGET = 10.2;
				MTL_ENABLE_DEBUG_INFO = YES;
				ONLY_ACTIVE_ARCH = YES;
				SDKROOT = iphoneos;
				SWIFT_ACTIVE_COMPILATION_CONDITIONS = DEBUG;
				SWIFT_OPTIMIZATION_LEVEL = "-Onone";
				TARGETED_DEVICE_FAMILY = "1,2";
			};
			name = Debug;
		};
		D99A16BF1E4C8E9C001AD0F4 /* Release */ = {
			isa = XCBuildConfiguration;
			buildSettings = {
				ALWAYS_SEARCH_USER_PATHS = NO;
				CLANG_ANALYZER_NONNULL = YES;
				CLANG_CXX_LANGUAGE_STANDARD = "gnu++0x";
				CLANG_CXX_LIBRARY = "libc++";
				CLANG_ENABLE_MODULES = YES;
				CLANG_ENABLE_OBJC_ARC = YES;
				CLANG_WARN_BOOL_CONVERSION = YES;
				CLANG_WARN_CONSTANT_CONVERSION = YES;
				CLANG_WARN_DIRECT_OBJC_ISA_USAGE = YES_ERROR;
				CLANG_WARN_DOCUMENTATION_COMMENTS = YES;
				CLANG_WARN_EMPTY_BODY = YES;
				CLANG_WARN_ENUM_CONVERSION = YES;
				CLANG_WARN_INFINITE_RECURSION = YES;
				CLANG_WARN_INT_CONVERSION = YES;
				CLANG_WARN_OBJC_ROOT_CLASS = YES_ERROR;
				CLANG_WARN_SUSPICIOUS_MOVE = YES;
				CLANG_WARN_UNREACHABLE_CODE = YES;
				CLANG_WARN__DUPLICATE_METHOD_MATCH = YES;
				"CODE_SIGN_IDENTITY[sdk=iphoneos*]" = "iPhone Developer";
				COPY_PHASE_STRIP = NO;
				DEBUG_INFORMATION_FORMAT = "dwarf-with-dsym";
				ENABLE_NS_ASSERTIONS = NO;
				ENABLE_STRICT_OBJC_MSGSEND = YES;
				GCC_C_LANGUAGE_STANDARD = gnu99;
				GCC_NO_COMMON_BLOCKS = YES;
				GCC_WARN_64_TO_32_BIT_CONVERSION = YES;
				GCC_WARN_ABOUT_RETURN_TYPE = YES_ERROR;
				GCC_WARN_UNDECLARED_SELECTOR = YES;
				GCC_WARN_UNINITIALIZED_AUTOS = YES_AGGRESSIVE;
				GCC_WARN_UNUSED_FUNCTION = YES;
				GCC_WARN_UNUSED_VARIABLE = YES;
				IPHONEOS_DEPLOYMENT_TARGET = 10.2;
				MTL_ENABLE_DEBUG_INFO = NO;
				SDKROOT = iphoneos;
				SWIFT_OPTIMIZATION_LEVEL = "-Owholemodule";
				TARGETED_DEVICE_FAMILY = "1,2";
				VALIDATE_PRODUCT = YES;
			};
			name = Release;
		};
		D99A16C11E4C8E9D001AD0F4 /* Debug */ = {
			isa = XCBuildConfiguration;
			baseConfigurationReference = 41A4BBE7F8CD27402BB031D7 /* Pods-Copycat of xCurrency.debug.xcconfig */;
			buildSettings = {
				ASSETCATALOG_COMPILER_APPICON_NAME = AppIcon;
				DEVELOPMENT_TEAM = 3W9HSTAQPK;
				INFOPLIST_FILE = "Copycat of xCurrency/Info.plist";
				LD_RUNPATH_SEARCH_PATHS = "$(inherited) @executable_path/Frameworks";
				PRODUCT_BUNDLE_IDENTIFIER = "anluoridge.Copycat-of-xCurrency";
				PRODUCT_NAME = "$(TARGET_NAME)";
				SWIFT_VERSION = 3.0;
			};
			name = Debug;
		};
		D99A16C21E4C8E9D001AD0F4 /* Release */ = {
			isa = XCBuildConfiguration;
			baseConfigurationReference = A1E5CFDAA6949B71708FB653 /* Pods-Copycat of xCurrency.release.xcconfig */;
			buildSettings = {
				ASSETCATALOG_COMPILER_APPICON_NAME = AppIcon;
				DEVELOPMENT_TEAM = 3W9HSTAQPK;
				INFOPLIST_FILE = "Copycat of xCurrency/Info.plist";
				LD_RUNPATH_SEARCH_PATHS = "$(inherited) @executable_path/Frameworks";
				PRODUCT_BUNDLE_IDENTIFIER = "anluoridge.Copycat-of-xCurrency";
				PRODUCT_NAME = "$(TARGET_NAME)";
				SWIFT_VERSION = 3.0;
			};
			name = Release;
		};
		D99A16C41E4C8E9D001AD0F4 /* Debug */ = {
			isa = XCBuildConfiguration;
			buildSettings = {
				ALWAYS_EMBED_SWIFT_STANDARD_LIBRARIES = YES;
				BUNDLE_LOADER = "$(TEST_HOST)";
				INFOPLIST_FILE = "Copycat of xCurrencyTests/Info.plist";
				LD_RUNPATH_SEARCH_PATHS = "$(inherited) @executable_path/Frameworks @loader_path/Frameworks";
				PRODUCT_BUNDLE_IDENTIFIER = "anluoridge.Copycat-of-xCurrencyTests";
				PRODUCT_NAME = "$(TARGET_NAME)";
				SWIFT_VERSION = 3.0;
				TEST_HOST = "$(BUILT_PRODUCTS_DIR)/Copycat of xCurrency.app/Copycat of xCurrency";
			};
			name = Debug;
		};
		D99A16C51E4C8E9D001AD0F4 /* Release */ = {
			isa = XCBuildConfiguration;
			buildSettings = {
				ALWAYS_EMBED_SWIFT_STANDARD_LIBRARIES = YES;
				BUNDLE_LOADER = "$(TEST_HOST)";
				INFOPLIST_FILE = "Copycat of xCurrencyTests/Info.plist";
				LD_RUNPATH_SEARCH_PATHS = "$(inherited) @executable_path/Frameworks @loader_path/Frameworks";
				PRODUCT_BUNDLE_IDENTIFIER = "anluoridge.Copycat-of-xCurrencyTests";
				PRODUCT_NAME = "$(TARGET_NAME)";
				SWIFT_VERSION = 3.0;
				TEST_HOST = "$(BUILT_PRODUCTS_DIR)/Copycat of xCurrency.app/Copycat of xCurrency";
			};
			name = Release;
		};
		D99A16C71E4C8E9D001AD0F4 /* Debug */ = {
			isa = XCBuildConfiguration;
			buildSettings = {
				ALWAYS_EMBED_SWIFT_STANDARD_LIBRARIES = YES;
				INFOPLIST_FILE = "Copycat of xCurrencyUITests/Info.plist";
				LD_RUNPATH_SEARCH_PATHS = "$(inherited) @executable_path/Frameworks @loader_path/Frameworks";
				PRODUCT_BUNDLE_IDENTIFIER = "anluoridge.Copycat-of-xCurrencyUITests";
				PRODUCT_NAME = "$(TARGET_NAME)";
				SWIFT_VERSION = 3.0;
				TEST_TARGET_NAME = "Copycat of xCurrency";
			};
			name = Debug;
		};
		D99A16C81E4C8E9D001AD0F4 /* Release */ = {
			isa = XCBuildConfiguration;
			buildSettings = {
				ALWAYS_EMBED_SWIFT_STANDARD_LIBRARIES = YES;
				INFOPLIST_FILE = "Copycat of xCurrencyUITests/Info.plist";
				LD_RUNPATH_SEARCH_PATHS = "$(inherited) @executable_path/Frameworks @loader_path/Frameworks";
				PRODUCT_BUNDLE_IDENTIFIER = "anluoridge.Copycat-of-xCurrencyUITests";
				PRODUCT_NAME = "$(TARGET_NAME)";
				SWIFT_VERSION = 3.0;
				TEST_TARGET_NAME = "Copycat of xCurrency";
			};
			name = Release;
		};
/* End XCBuildConfiguration section */

/* Begin XCConfigurationList section */
		D99A16931E4C8E95001AD0F4 /* Build configuration list for PBXProject "Copycat of xCurrency" */ = {
			isa = XCConfigurationList;
			buildConfigurations = (
				D99A16BE1E4C8E9C001AD0F4 /* Debug */,
				D99A16BF1E4C8E9C001AD0F4 /* Release */,
			);
			defaultConfigurationIsVisible = 0;
			defaultConfigurationName = Release;
		};
		D99A16C01E4C8E9D001AD0F4 /* Build configuration list for PBXNativeTarget "Copycat of xCurrency" */ = {
			isa = XCConfigurationList;
			buildConfigurations = (
				D99A16C11E4C8E9D001AD0F4 /* Debug */,
				D99A16C21E4C8E9D001AD0F4 /* Release */,
			);
			defaultConfigurationIsVisible = 0;
			defaultConfigurationName = Release;
		};
		D99A16C31E4C8E9D001AD0F4 /* Build configuration list for PBXNativeTarget "Copycat of xCurrencyTests" */ = {
			isa = XCConfigurationList;
			buildConfigurations = (
				D99A16C41E4C8E9D001AD0F4 /* Debug */,
				D99A16C51E4C8E9D001AD0F4 /* Release */,
			);
			defaultConfigurationIsVisible = 0;
			defaultConfigurationName = Release;
		};
		D99A16C61E4C8E9D001AD0F4 /* Build configuration list for PBXNativeTarget "Copycat of xCurrencyUITests" */ = {
			isa = XCConfigurationList;
			buildConfigurations = (
				D99A16C71E4C8E9D001AD0F4 /* Debug */,
				D99A16C81E4C8E9D001AD0F4 /* Release */,
			);
			defaultConfigurationIsVisible = 0;
			defaultConfigurationName = Release;
		};
/* End XCConfigurationList section */
	};
	rootObject = D99A16901E4C8E94001AD0F4 /* Project object */;
}
